
Microsoft Visual Studio Solution File, Format Version 12.00
# Visual Studio Version 16
VisualStudioVersion = 16.0.32106.194
MinimumVisualStudioVersion = 10.0.40219.1
Project("{FAE04EC0-301F-11D3-BF4B-00C04F79EFBC}") = "API", "API.csproj", "{FEC967FA-C0AA-4438-93F3-BE6F85E85DF5}"
EndProject
Project("{FAE04EC0-301F-11D3-BF4B-00C04F79EFBC}") = "Common", "Common\Common.csproj", "{39F24472-43F3-4235-AFA3-D0CD225D2D31}"
EndProject
Project("{FAE04EC0-301F-11D3-BF4B-00C04F79EFBC}") = "Wrapper", "Wrapper\Wrapper.csproj", "{F56F2A67-9D1A-46BB-A9D6-0BA4B24502BB}"
EndProject
Project("{FAE04EC0-301F-11D3-BF4B-00C04F79EFBC}") = "WorkItemGenerator", "WorkItemGenerator\WorkItemGenerator.csproj", "{9B13E373-D15B-479B-9521-09EABC1E720F}"
EndProject
Global
	GlobalSection(SolutionConfigurationPlatforms) = preSolution
		Debug|Any CPU = Debug|Any CPU
		Release|Any CPU = Release|Any CPU
	EndGlobalSection
	GlobalSection(ProjectConfigurationPlatforms) = postSolution
		{FEC967FA-C0AA-4438-93F3-BE6F85E85DF5}.Debug|Any CPU.ActiveCfg = Debug|Any CPU
		{FEC967FA-C0AA-4438-93F3-BE6F85E85DF5}.Debug|Any CPU.Build.0 = Debug|Any CPU
		{FEC967FA-C0AA-4438-93F3-BE6F85E85DF5}.Release|Any CPU.ActiveCfg = Release|Any CPU
		{FEC967FA-C0AA-4438-93F3-BE6F85E85DF5}.Release|Any CPU.Build.0 = Release|Any CPU
		{39F24472-43F3-4235-AFA3-D0CD225D2D31}.Debug|Any CPU.ActiveCfg = Debug|Any CPU
		{39F24472-43F3-4235-AFA3-D0CD225D2D31}.Debug|Any CPU.Build.0 = Debug|Any CPU
		{39F24472-43F3-4235-AFA3-D0CD225D2D31}.Release|Any CPU.ActiveCfg = Release|Any CPU
		{39F24472-43F3-4235-AFA3-D0CD225D2D31}.Release|Any CPU.Build.0 = Release|Any CPU
		{F56F2A67-9D1A-46BB-A9D6-0BA4B24502BB}.Debug|Any CPU.ActiveCfg = Debug|Any CPU
		{F56F2A67-9D1A-46BB-A9D6-0BA4B24502BB}.Debug|Any CPU.Build.0 = Debug|Any CPU
		{F56F2A67-9D1A-46BB-A9D6-0BA4B24502BB}.Release|Any CPU.ActiveCfg = Release|Any CPU
		{F56F2A67-9D1A-46BB-A9D6-0BA4B24502BB}.Release|Any CPU.Build.0 = Release|Any CPU
		{9B13E373-D15B-479B-9521-09EABC1E720F}.Debug|Any CPU.ActiveCfg = Debug|Any CPU
		{9B13E373-D15B-479B-9521-09EABC1E720F}.Debug|Any CPU.Build.0 = Debug|Any CPU
		{9B13E373-D15B-479B-9521-09EABC1E720F}.Release|Any CPU.ActiveCfg = Release|Any CPU
		{9B13E373-D15B-479B-9521-09EABC1E720F}.Release|Any CPU.Build.0 = Release|Any CPU
	EndGlobalSection
	GlobalSection(SolutionProperties) = preSolution
		HideSolutionNode = FALSE
	EndGlobalSection
	GlobalSection(ExtensibilityGlobals) = postSolution
		SolutionGuid = {D89BCB38-AE25-4BA9-86B3-51D9C184C0CF}
	EndGlobalSection
EndGlobal
