
Microsoft Visual Studio Solution File, Format Version 12.00
# Visual Studio Version 17
VisualStudioVersion = 17.3.32825.248
MinimumVisualStudioVersion = 10.0.40219.1
Project("{FAE04EC0-301F-11D3-BF4B-00C04F79EFBC}") = "AcademicRecordsAPI_SmokeTest", "AcademicRecordsAPI_SmokeTest.csproj", "{B907B51F-5B5B-4088-B647-6E7D533F0908}"
	ProjectSection(ProjectDependencies) = postProject
		{39F24472-43F3-4235-AFA3-D0CD225D2D31} = {39F24472-43F3-4235-AFA3-D0CD225D2D31}
	EndProjectSection
EndProject
Project("{FAE04EC0-301F-11D3-BF4B-00C04F79EFBC}") = "Wrapper", "Wrapper\Wrapper.csproj", "{15283C9C-43B8-4E47-953C-91DEB7539181}"
EndProject
Project("{FAE04EC0-301F-11D3-BF4B-00C04F79EFBC}") = "WorkItemGenerator", "WorkItemGenerator\WorkItemGenerator.csproj", "{9B13E373-D15B-479B-9521-09EABC1E720F}"
EndProject
Project("{FAE04EC0-301F-11D3-BF4B-00C04F79EFBC}") = "Common", "Common\Common.csproj", "{39F24472-43F3-4235-AFA3-D0CD225D2D31}"
EndProject
Global
	GlobalSection(SolutionConfigurationPlatforms) = preSolution
		Debug|Any CPU = Debug|Any CPU
		Release|Any CPU = Release|Any CPU
	EndGlobalSection
	GlobalSection(ProjectConfigurationPlatforms) = postSolution
		{B907B51F-5B5B-4088-B647-6E7D533F0908}.Debug|Any CPU.ActiveCfg = Debug|Any CPU
		{B907B51F-5B5B-4088-B647-6E7D533F0908}.Debug|Any CPU.Build.0 = Debug|Any CPU
		{B907B51F-5B5B-4088-B647-6E7D533F0908}.Release|Any CPU.ActiveCfg = Release|Any CPU
		{B907B51F-5B5B-4088-B647-6E7D533F0908}.Release|Any CPU.Build.0 = Release|Any CPU
		{15283C9C-43B8-4E47-953C-91DEB7539181}.Debug|Any CPU.ActiveCfg = Debug|Any CPU
		{15283C9C-43B8-4E47-953C-91DEB7539181}.Debug|Any CPU.Build.0 = Debug|Any CPU
		{15283C9C-43B8-4E47-953C-91DEB7539181}.Release|Any CPU.ActiveCfg = Release|Any CPU
		{15283C9C-43B8-4E47-953C-91DEB7539181}.Release|Any CPU.Build.0 = Release|Any CPU
		{9B13E373-D15B-479B-9521-09EABC1E720F}.Debug|Any CPU.ActiveCfg = Debug|Any CPU
		{9B13E373-D15B-479B-9521-09EABC1E720F}.Debug|Any CPU.Build.0 = Debug|Any CPU
		{9B13E373-D15B-479B-9521-09EABC1E720F}.Release|Any CPU.ActiveCfg = Release|Any CPU
		{9B13E373-D15B-479B-9521-09EABC1E720F}.Release|Any CPU.Build.0 = Release|Any CPU
		{39F24472-43F3-4235-AFA3-D0CD225D2D31}.Debug|Any CPU.ActiveCfg = Debug|Any CPU
		{39F24472-43F3-4235-AFA3-D0CD225D2D31}.Debug|Any CPU.Build.0 = Debug|Any CPU
		{39F24472-43F3-4235-AFA3-D0CD225D2D31}.Release|Any CPU.ActiveCfg = Release|Any CPU
		{39F24472-43F3-4235-AFA3-D0CD225D2D31}.Release|Any CPU.Build.0 = Release|Any CPU
	EndGlobalSection
	GlobalSection(SolutionProperties) = preSolution
		HideSolutionNode = FALSE
	EndGlobalSection
	GlobalSection(ExtensibilityGlobals) = postSolution
		SolutionGuid = {14BA4C8C-7DD4-4644-B6F8-6F82BE715939}
	EndGlobalSection
EndGlobal
